
Microsoft Visual Studio Solution File, Format Version 12.00
# Visual Studio Version 17
VisualStudioVersion = 17.11.35208.52
MinimumVisualStudioVersion = 10.0.40219.1
Project("{FAE04EC0-301F-11D3-BF4B-00C04F79EFBC}") = "WebApplication1", "WebApplication1\WebApplication1.csproj", "{23C7DDEE-E30E-40E3-900A-AB4FFB3F9B6D}"
EndProject
Global
	GlobalSection(SolutionConfigurationPlatforms) = preSolution
		Debug|Any CPU = Debug|Any CPU
		Release|Any CPU = Release|Any CPU
	EndGlobalSection
	GlobalSection(ProjectConfigurationPlatforms) = postSolution
		{23C7DDEE-E30E-40E3-900A-AB4FFB3F9B6D}.Debug|Any CPU.ActiveCfg = Debug|Any CPU
		{23C7DDEE-E30E-40E3-900A-AB4FFB3F9B6D}.Debug|Any CPU.Build.0 = Debug|Any CPU
		{23C7DDEE-E30E-40E3-900A-AB4FFB3F9B6D}.Release|Any CPU.ActiveCfg = Release|Any CPU
		{23C7DDEE-E30E-40E3-900A-AB4FFB3F9B6D}.Release|Any CPU.Build.0 = Release|Any CPU
	EndGlobalSection
	GlobalSection(SolutionProperties) = preSolution
		HideSolutionNode = FALSE
	EndGlobalSection
	GlobalSection(ExtensibilityGlobals) = postSolution
		SolutionGuid = {2A253538-53F0-407C-98E6-6918D71338DC}
	EndGlobalSection
EndGlobal
